
Microsoft Visual Studio Solution File, Format Version 12.00
# Visual Studio Version 17
VisualStudioVersion = 17.10.35004.147
MinimumVisualStudioVersion = 10.0.40219.1
Project("{FAE04EC0-301F-11D3-BF4B-00C04F79EFBC}") = "ModifySpotify", "ModifySpotify\ModifySpotify.csproj", "{D9944144-020D-4858-91D0-4CF119E9AB4C}"
EndProject
Global
	GlobalSection(SolutionConfigurationPlatforms) = preSolution
		Debug|Any CPU = Debug|Any CPU
		Release|Any CPU = Release|Any CPU
	EndGlobalSection
	GlobalSection(ProjectConfigurationPlatforms) = postSolution
		{D9944144-020D-4858-91D0-4CF119E9AB4C}.Debug|Any CPU.ActiveCfg = Debug|Any CPU
		{D9944144-020D-4858-91D0-4CF119E9AB4C}.Debug|Any CPU.Build.0 = Debug|Any CPU
		{D9944144-020D-4858-91D0-4CF119E9AB4C}.Release|Any CPU.ActiveCfg = Release|Any CPU
		{D9944144-020D-4858-91D0-4CF119E9AB4C}.Release|Any CPU.Build.0 = Release|Any CPU
	EndGlobalSection
	GlobalSection(SolutionProperties) = preSolution
		HideSolutionNode = FALSE
	EndGlobalSection
	GlobalSection(ExtensibilityGlobals) = postSolution
		SolutionGuid = {E65C84F4-AEF8-4DB0-A348-924813D0CD57}
	EndGlobalSection
EndGlobal
