
Microsoft Visual Studio Solution File, Format Version 12.00
# Visual Studio Version 17
VisualStudioVersion = 17.14.36414.22 d17.14
MinimumVisualStudioVersion = 10.0.40219.1
Project("{FAE04EC0-301F-11D3-BF4B-00C04F79EFBC}") = "Spodify", "Spodify\Spodify.csproj", "{9CAAD2C4-D6F2-43F2-A9A5-80B0F52CE803}"
EndProject
Global
	GlobalSection(SolutionConfigurationPlatforms) = preSolution
		Debug|Any CPU = Debug|Any CPU
		Release|Any CPU = Release|Any CPU
	EndGlobalSection
	GlobalSection(ProjectConfigurationPlatforms) = postSolution
		{9CAAD2C4-D6F2-43F2-A9A5-80B0F52CE803}.Debug|Any CPU.ActiveCfg = Debug|Any CPU
		{9CAAD2C4-D6F2-43F2-A9A5-80B0F52CE803}.Debug|Any CPU.Build.0 = Debug|Any CPU
		{9CAAD2C4-D6F2-43F2-A9A5-80B0F52CE803}.Release|Any CPU.ActiveCfg = Release|Any CPU
		{9CAAD2C4-D6F2-43F2-A9A5-80B0F52CE803}.Release|Any CPU.Build.0 = Release|Any CPU
	EndGlobalSection
	GlobalSection(SolutionProperties) = preSolution
		HideSolutionNode = FALSE
	EndGlobalSection
	GlobalSection(ExtensibilityGlobals) = postSolution
		SolutionGuid = {B2F4C8CB-6416-479B-A6C1-1954CDB27676}
	EndGlobalSection
EndGlobal
